
Microsoft Visual Studio Solution File, Format Version 12.00
# Visual Studio 14
VisualStudioVersion = 14.0.25420.1
MinimumVisualStudioVersion = 10.0.40219.1
Project("{FAE04EC0-301F-11D3-BF4B-00C04F79EFBC}") = "Domain", "Domain\Domain.csproj", "{F8FE8449-C277-458B-AF70-B8AC4B8C0A8C}"
EndProject
Project("{FAE04EC0-301F-11D3-BF4B-00C04F79EFBC}") = "WebUI", "WebUI\WebUI.csproj", "{897D0358-1EAB-48E2-8EAA-A253E04663B6}"
EndProject
Project("{FAE04EC0-301F-11D3-BF4B-00C04F79EFBC}") = "UnitTests", "UnitTests\UnitTests.csproj", "{DA0941EB-435D-4142-92CF-0C2AFB31BB3A}"
EndProject
Global
	GlobalSection(SolutionConfigurationPlatforms) = preSolution
		Debug|Any CPU = Debug|Any CPU
		Release|Any CPU = Release|Any CPU
	EndGlobalSection
	GlobalSection(ProjectConfigurationPlatforms) = postSolution
		{F8FE8449-C277-458B-AF70-B8AC4B8C0A8C}.Debug|Any CPU.ActiveCfg = Debug|Any CPU
		{F8FE8449-C277-458B-AF70-B8AC4B8C0A8C}.Debug|Any CPU.Build.0 = Debug|Any CPU
		{F8FE8449-C277-458B-AF70-B8AC4B8C0A8C}.Release|Any CPU.ActiveCfg = Release|Any CPU
		{F8FE8449-C277-458B-AF70-B8AC4B8C0A8C}.Release|Any CPU.Build.0 = Release|Any CPU
		{897D0358-1EAB-48E2-8EAA-A253E04663B6}.Debug|Any CPU.ActiveCfg = Debug|Any CPU
		{897D0358-1EAB-48E2-8EAA-A253E04663B6}.Debug|Any CPU.Build.0 = Debug|Any CPU
		{897D0358-1EAB-48E2-8EAA-A253E04663B6}.Release|Any CPU.ActiveCfg = Release|Any CPU
		{897D0358-1EAB-48E2-8EAA-A253E04663B6}.Release|Any CPU.Build.0 = Release|Any CPU
		{DA0941EB-435D-4142-92CF-0C2AFB31BB3A}.Debug|Any CPU.ActiveCfg = Debug|Any CPU
		{DA0941EB-435D-4142-92CF-0C2AFB31BB3A}.Debug|Any CPU.Build.0 = Debug|Any CPU
		{DA0941EB-435D-4142-92CF-0C2AFB31BB3A}.Release|Any CPU.ActiveCfg = Release|Any CPU
		{DA0941EB-435D-4142-92CF-0C2AFB31BB3A}.Release|Any CPU.Build.0 = Release|Any CPU
	EndGlobalSection
	GlobalSection(SolutionProperties) = preSolution
		HideSolutionNode = FALSE
	EndGlobalSection
EndGlobal
